
Microsoft Visual Studio Solution File, Format Version 12.00
# Visual Studio Version 16
VisualStudioVersion = 16.0.30907.101
MinimumVisualStudioVersion = 10.0.40219.1
Project("{FAE04EC0-301F-11D3-BF4B-00C04F79EFBC}") = "wpfcalculactor", "wpfcalculactor\wpfcalculactor.csproj", "{7C78A9FB-9385-4055-A68D-7806087B7A31}"
EndProject
Global
	GlobalSection(SolutionConfigurationPlatforms) = preSolution
		Debug|Any CPU = Debug|Any CPU
		Release|Any CPU = Release|Any CPU
	EndGlobalSection
	GlobalSection(ProjectConfigurationPlatforms) = postSolution
		{7C78A9FB-9385-4055-A68D-7806087B7A31}.Debug|Any CPU.ActiveCfg = Debug|Any CPU
		{7C78A9FB-9385-4055-A68D-7806087B7A31}.Debug|Any CPU.Build.0 = Debug|Any CPU
		{7C78A9FB-9385-4055-A68D-7806087B7A31}.Release|Any CPU.ActiveCfg = Release|Any CPU
		{7C78A9FB-9385-4055-A68D-7806087B7A31}.Release|Any CPU.Build.0 = Release|Any CPU
	EndGlobalSection
	GlobalSection(SolutionProperties) = preSolution
		HideSolutionNode = FALSE
	EndGlobalSection
	GlobalSection(ExtensibilityGlobals) = postSolution
		SolutionGuid = {4417F932-AD1A-4677-AEE8-7B4C5A57DBDE}
	EndGlobalSection
EndGlobal
